
Microsoft Visual Studio Solution File, Format Version 12.00
# Visual Studio 15
VisualStudioVersion = 15.0.28010.2041
MinimumVisualStudioVersion = 10.0.40219.1
Project("{8BC9CEB8-8B4A-11D0-8D11-00A0C91BC942}") = "lab01", "Project2\Project2.vcxproj", "{B4F0EAA3-54AA-4C91-AF1C-1DF26AA364EE}"
EndProject
Project("{8BC9CEB8-8B4A-11D0-8D11-00A0C91BC942}") = "lab02", "lab02\lab02.vcxproj", "{FF0FAC67-0FCB-42BF-916F-5F825ACB20E4}"
EndProject
Project("{8BC9CEB8-8B4A-11D0-8D11-00A0C91BC942}") = "lab03", "lab03\lab03.vcxproj", "{48148164-D340-4C26-8626-E4C73C44B053}"
EndProject
Project("{8BC9CEB8-8B4A-11D0-8D11-00A0C91BC942}") = "lab04", "lab04\lab04.vcxproj", "{88B0F670-20A6-4564-B726-59029DBDEC28}"
EndProject
Project("{8BC9CEB8-8B4A-11D0-8D11-00A0C91BC942}") = "lab05", "lab05\lab05.vcxproj", "{7C415148-5C7A-48D6-B3A8-373BA092B7DA}"
EndProject
Project("{8BC9CEB8-8B4A-11D0-8D11-00A0C91BC942}") = "lab06", "lab06\lab06.vcxproj", "{3B07C7BB-B66E-45E1-8698-B6F4E994F27A}"
EndProject
Project("{8BC9CEB8-8B4A-11D0-8D11-00A0C91BC942}") = "lab07", "lab07\lab07.vcxproj", "{E0702857-080E-49A3-AADB-B121A6337FFD}"
EndProject
Project("{8BC9CEB8-8B4A-11D0-8D11-00A0C91BC942}") = "lab08", "lab08\lab08.vcxproj", "{1B7B6AFE-C547-44BF-8587-6489A7C2C324}"
EndProject
Project("{8BC9CEB8-8B4A-11D0-8D11-00A0C91BC942}") = "lab09", "lab09\lab09.vcxproj", "{AE759F85-57ED-40B5-BBE4-2248B5229E12}"
EndProject
Project("{8BC9CEB8-8B4A-11D0-8D11-00A0C91BC942}") = "lab10", "lab10\lab10.vcxproj", "{E34B8993-E061-41CF-A53E-2B3E32C54C35}"
EndProject
Project("{8BC9CEB8-8B4A-11D0-8D11-00A0C91BC942}") = "lab11", "lab11\lab11.vcxproj", "{45690FCE-0D08-4BDA-84C8-806E89B8FD44}"
EndProject
Project("{8BC9CEB8-8B4A-11D0-8D11-00A0C91BC942}") = "lab12", "lab12\lab12.vcxproj", "{ED4E554A-6D21-47A0-A313-8B12BE021A19}"
EndProject
Project("{8BC9CEB8-8B4A-11D0-8D11-00A0C91BC942}") = "lab13", "lab13\lab13.vcxproj", "{F3950332-EFFA-42A4-9721-E6FF68C076A7}"
EndProject
Project("{8BC9CEB8-8B4A-11D0-8D11-00A0C91BC942}") = "lab14", "lab14\lab14.vcxproj", "{5002B581-C4A0-4713-B509-58943D869339}"
EndProject
Project("{8BC9CEB8-8B4A-11D0-8D11-00A0C91BC942}") = "egzaminy", "egzaminy\egzaminy.vcxproj", "{D8919D07-FFC0-45D5-9B72-41677C3CADBB}"
EndProject
Global
	GlobalSection(SolutionConfigurationPlatforms) = preSolution
		Debug|x64 = Debug|x64
		Debug|x86 = Debug|x86
		Release|x64 = Release|x64
		Release|x86 = Release|x86
	EndGlobalSection
	GlobalSection(ProjectConfigurationPlatforms) = postSolution
		{B4F0EAA3-54AA-4C91-AF1C-1DF26AA364EE}.Debug|x64.ActiveCfg = Debug|x64
		{B4F0EAA3-54AA-4C91-AF1C-1DF26AA364EE}.Debug|x64.Build.0 = Debug|x64
		{B4F0EAA3-54AA-4C91-AF1C-1DF26AA364EE}.Debug|x86.ActiveCfg = Debug|Win32
		{B4F0EAA3-54AA-4C91-AF1C-1DF26AA364EE}.Debug|x86.Build.0 = Debug|Win32
		{B4F0EAA3-54AA-4C91-AF1C-1DF26AA364EE}.Release|x64.ActiveCfg = Release|x64
		{B4F0EAA3-54AA-4C91-AF1C-1DF26AA364EE}.Release|x64.Build.0 = Release|x64
		{B4F0EAA3-54AA-4C91-AF1C-1DF26AA364EE}.Release|x86.ActiveCfg = Release|Win32
		{B4F0EAA3-54AA-4C91-AF1C-1DF26AA364EE}.Release|x86.Build.0 = Release|Win32
		{FF0FAC67-0FCB-42BF-916F-5F825ACB20E4}.Debug|x64.ActiveCfg = Debug|x64
		{FF0FAC67-0FCB-42BF-916F-5F825ACB20E4}.Debug|x64.Build.0 = Debug|x64
		{FF0FAC67-0FCB-42BF-916F-5F825ACB20E4}.Debug|x86.ActiveCfg = Debug|Win32
		{FF0FAC67-0FCB-42BF-916F-5F825ACB20E4}.Debug|x86.Build.0 = Debug|Win32
		{FF0FAC67-0FCB-42BF-916F-5F825ACB20E4}.Release|x64.ActiveCfg = Release|x64
		{FF0FAC67-0FCB-42BF-916F-5F825ACB20E4}.Release|x64.Build.0 = Release|x64
		{FF0FAC67-0FCB-42BF-916F-5F825ACB20E4}.Release|x86.ActiveCfg = Release|Win32
		{FF0FAC67-0FCB-42BF-916F-5F825ACB20E4}.Release|x86.Build.0 = Release|Win32
		{48148164-D340-4C26-8626-E4C73C44B053}.Debug|x64.ActiveCfg = Debug|x64
		{48148164-D340-4C26-8626-E4C73C44B053}.Debug|x64.Build.0 = Debug|x64
		{48148164-D340-4C26-8626-E4C73C44B053}.Debug|x86.ActiveCfg = Debug|Win32
		{48148164-D340-4C26-8626-E4C73C44B053}.Debug|x86.Build.0 = Debug|Win32
		{48148164-D340-4C26-8626-E4C73C44B053}.Release|x64.ActiveCfg = Release|x64
		{48148164-D340-4C26-8626-E4C73C44B053}.Release|x64.Build.0 = Release|x64
		{48148164-D340-4C26-8626-E4C73C44B053}.Release|x86.ActiveCfg = Release|Win32
		{48148164-D340-4C26-8626-E4C73C44B053}.Release|x86.Build.0 = Release|Win32
		{88B0F670-20A6-4564-B726-59029DBDEC28}.Debug|x64.ActiveCfg = Debug|x64
		{88B0F670-20A6-4564-B726-59029DBDEC28}.Debug|x64.Build.0 = Debug|x64
		{88B0F670-20A6-4564-B726-59029DBDEC28}.Debug|x86.ActiveCfg = Debug|Win32
		{88B0F670-20A6-4564-B726-59029DBDEC28}.Debug|x86.Build.0 = Debug|Win32
		{88B0F670-20A6-4564-B726-59029DBDEC28}.Release|x64.ActiveCfg = Release|x64
		{88B0F670-20A6-4564-B726-59029DBDEC28}.Release|x64.Build.0 = Release|x64
		{88B0F670-20A6-4564-B726-59029DBDEC28}.Release|x86.ActiveCfg = Release|Win32
		{88B0F670-20A6-4564-B726-59029DBDEC28}.Release|x86.Build.0 = Release|Win32
		{7C415148-5C7A-48D6-B3A8-373BA092B7DA}.Debug|x64.ActiveCfg = Debug|x64
		{7C415148-5C7A-48D6-B3A8-373BA092B7DA}.Debug|x64.Build.0 = Debug|x64
		{7C415148-5C7A-48D6-B3A8-373BA092B7DA}.Debug|x86.ActiveCfg = Debug|Win32
		{7C415148-5C7A-48D6-B3A8-373BA092B7DA}.Debug|x86.Build.0 = Debug|Win32
		{7C415148-5C7A-48D6-B3A8-373BA092B7DA}.Release|x64.ActiveCfg = Release|x64
		{7C415148-5C7A-48D6-B3A8-373BA092B7DA}.Release|x64.Build.0 = Release|x64
		{7C415148-5C7A-48D6-B3A8-373BA092B7DA}.Release|x86.ActiveCfg = Release|Win32
		{7C415148-5C7A-48D6-B3A8-373BA092B7DA}.Release|x86.Build.0 = Release|Win32
		{3B07C7BB-B66E-45E1-8698-B6F4E994F27A}.Debug|x64.ActiveCfg = Debug|x64
		{3B07C7BB-B66E-45E1-8698-B6F4E994F27A}.Debug|x64.Build.0 = Debug|x64
		{3B07C7BB-B66E-45E1-8698-B6F4E994F27A}.Debug|x86.ActiveCfg = Debug|Win32
		{3B07C7BB-B66E-45E1-8698-B6F4E994F27A}.Debug|x86.Build.0 = Debug|Win32
		{3B07C7BB-B66E-45E1-8698-B6F4E994F27A}.Release|x64.ActiveCfg = Release|x64
		{3B07C7BB-B66E-45E1-8698-B6F4E994F27A}.Release|x64.Build.0 = Release|x64
		{3B07C7BB-B66E-45E1-8698-B6F4E994F27A}.Release|x86.ActiveCfg = Release|Win32
		{3B07C7BB-B66E-45E1-8698-B6F4E994F27A}.Release|x86.Build.0 = Release|Win32
		{E0702857-080E-49A3-AADB-B121A6337FFD}.Debug|x64.ActiveCfg = Debug|x64
		{E0702857-080E-49A3-AADB-B121A6337FFD}.Debug|x64.Build.0 = Debug|x64
		{E0702857-080E-49A3-AADB-B121A6337FFD}.Debug|x86.ActiveCfg = Debug|Win32
		{E0702857-080E-49A3-AADB-B121A6337FFD}.Debug|x86.Build.0 = Debug|Win32
		{E0702857-080E-49A3-AADB-B121A6337FFD}.Release|x64.ActiveCfg = Release|x64
		{E0702857-080E-49A3-AADB-B121A6337FFD}.Release|x64.Build.0 = Release|x64
		{E0702857-080E-49A3-AADB-B121A6337FFD}.Release|x86.ActiveCfg = Release|Win32
		{E0702857-080E-49A3-AADB-B121A6337FFD}.Release|x86.Build.0 = Release|Win32
		{1B7B6AFE-C547-44BF-8587-6489A7C2C324}.Debug|x64.ActiveCfg = Debug|x64
		{1B7B6AFE-C547-44BF-8587-6489A7C2C324}.Debug|x64.Build.0 = Debug|x64
		{1B7B6AFE-C547-44BF-8587-6489A7C2C324}.Debug|x86.ActiveCfg = Debug|Win32
		{1B7B6AFE-C547-44BF-8587-6489A7C2C324}.Debug|x86.Build.0 = Debug|Win32
		{1B7B6AFE-C547-44BF-8587-6489A7C2C324}.Release|x64.ActiveCfg = Release|x64
		{1B7B6AFE-C547-44BF-8587-6489A7C2C324}.Release|x64.Build.0 = Release|x64
		{1B7B6AFE-C547-44BF-8587-6489A7C2C324}.Release|x86.ActiveCfg = Release|Win32
		{1B7B6AFE-C547-44BF-8587-6489A7C2C324}.Release|x86.Build.0 = Release|Win32
		{AE759F85-57ED-40B5-BBE4-2248B5229E12}.Debug|x64.ActiveCfg = Debug|x64
		{AE759F85-57ED-40B5-BBE4-2248B5229E12}.Debug|x64.Build.0 = Debug|x64
		{AE759F85-57ED-40B5-BBE4-2248B5229E12}.Debug|x86.ActiveCfg = Debug|Win32
		{AE759F85-57ED-40B5-BBE4-2248B5229E12}.Debug|x86.Build.0 = Debug|Win32
		{AE759F85-57ED-40B5-BBE4-2248B5229E12}.Release|x64.ActiveCfg = Release|x64
		{AE759F85-57ED-40B5-BBE4-2248B5229E12}.Release|x64.Build.0 = Release|x64
		{AE759F85-57ED-40B5-BBE4-2248B5229E12}.Release|x86.ActiveCfg = Release|Win32
		{AE759F85-57ED-40B5-BBE4-2248B5229E12}.Release|x86.Build.0 = Release|Win32
		{E34B8993-E061-41CF-A53E-2B3E32C54C35}.Debug|x64.ActiveCfg = Debug|x64
		{E34B8993-E061-41CF-A53E-2B3E32C54C35}.Debug|x64.Build.0 = Debug|x64
		{E34B8993-E061-41CF-A53E-2B3E32C54C35}.Debug|x86.ActiveCfg = Debug|Win32
		{E34B8993-E061-41CF-A53E-2B3E32C54C35}.Debug|x86.Build.0 = Debug|Win32
		{E34B8993-E061-41CF-A53E-2B3E32C54C35}.Release|x64.ActiveCfg = Release|x64
		{E34B8993-E061-41CF-A53E-2B3E32C54C35}.Release|x64.Build.0 = Release|x64
		{E34B8993-E061-41CF-A53E-2B3E32C54C35}.Release|x86.ActiveCfg = Release|Win32
		{E34B8993-E061-41CF-A53E-2B3E32C54C35}.Release|x86.Build.0 = Release|Win32
		{45690FCE-0D08-4BDA-84C8-806E89B8FD44}.Debug|x64.ActiveCfg = Debug|x64
		{45690FCE-0D08-4BDA-84C8-806E89B8FD44}.Debug|x64.Build.0 = Debug|x64
		{45690FCE-0D08-4BDA-84C8-806E89B8FD44}.Debug|x86.ActiveCfg = Debug|Win32
		{45690FCE-0D08-4BDA-84C8-806E89B8FD44}.Debug|x86.Build.0 = Debug|Win32
		{45690FCE-0D08-4BDA-84C8-806E89B8FD44}.Release|x64.ActiveCfg = Release|x64
		{45690FCE-0D08-4BDA-84C8-806E89B8FD44}.Release|x64.Build.0 = Release|x64
		{45690FCE-0D08-4BDA-84C8-806E89B8FD44}.Release|x86.ActiveCfg = Release|Win32
		{45690FCE-0D08-4BDA-84C8-806E89B8FD44}.Release|x86.Build.0 = Release|Win32
		{ED4E554A-6D21-47A0-A313-8B12BE021A19}.Debug|x64.ActiveCfg = Debug|x64
		{ED4E554A-6D21-47A0-A313-8B12BE021A19}.Debug|x64.Build.0 = Debug|x64
		{ED4E554A-6D21-47A0-A313-8B12BE021A19}.Debug|x86.ActiveCfg = Debug|Win32
		{ED4E554A-6D21-47A0-A313-8B12BE021A19}.Debug|x86.Build.0 = Debug|Win32
		{ED4E554A-6D21-47A0-A313-8B12BE021A19}.Release|x64.ActiveCfg = Release|x64
		{ED4E554A-6D21-47A0-A313-8B12BE021A19}.Release|x64.Build.0 = Release|x64
		{ED4E554A-6D21-47A0-A313-8B12BE021A19}.Release|x86.ActiveCfg = Release|Win32
		{ED4E554A-6D21-47A0-A313-8B12BE021A19}.Release|x86.Build.0 = Release|Win32
		{F3950332-EFFA-42A4-9721-E6FF68C076A7}.Debug|x64.ActiveCfg = Debug|x64
		{F3950332-EFFA-42A4-9721-E6FF68C076A7}.Debug|x64.Build.0 = Debug|x64
		{F3950332-EFFA-42A4-9721-E6FF68C076A7}.Debug|x86.ActiveCfg = Debug|Win32
		{F3950332-EFFA-42A4-9721-E6FF68C076A7}.Debug|x86.Build.0 = Debug|Win32
		{F3950332-EFFA-42A4-9721-E6FF68C076A7}.Release|x64.ActiveCfg = Release|x64
		{F3950332-EFFA-42A4-9721-E6FF68C076A7}.Release|x64.Build.0 = Release|x64
		{F3950332-EFFA-42A4-9721-E6FF68C076A7}.Release|x86.ActiveCfg = Release|Win32
		{F3950332-EFFA-42A4-9721-E6FF68C076A7}.Release|x86.Build.0 = Release|Win32
		{5002B581-C4A0-4713-B509-58943D869339}.Debug|x64.ActiveCfg = Debug|x64
		{5002B581-C4A0-4713-B509-58943D869339}.Debug|x64.Build.0 = Debug|x64
		{5002B581-C4A0-4713-B509-58943D869339}.Debug|x86.ActiveCfg = Debug|Win32
		{5002B581-C4A0-4713-B509-58943D869339}.Debug|x86.Build.0 = Debug|Win32
		{5002B581-C4A0-4713-B509-58943D869339}.Release|x64.ActiveCfg = Release|x64
		{5002B581-C4A0-4713-B509-58943D869339}.Release|x64.Build.0 = Release|x64
		{5002B581-C4A0-4713-B509-58943D869339}.Release|x86.ActiveCfg = Release|Win32
		{5002B581-C4A0-4713-B509-58943D869339}.Release|x86.Build.0 = Release|Win32
		{D8919D07-FFC0-45D5-9B72-41677C3CADBB}.Debug|x64.ActiveCfg = Debug|x64
		{D8919D07-FFC0-45D5-9B72-41677C3CADBB}.Debug|x64.Build.0 = Debug|x64
		{D8919D07-FFC0-45D5-9B72-41677C3CADBB}.Debug|x86.ActiveCfg = Debug|Win32
		{D8919D07-FFC0-45D5-9B72-41677C3CADBB}.Debug|x86.Build.0 = Debug|Win32
		{D8919D07-FFC0-45D5-9B72-41677C3CADBB}.Release|x64.ActiveCfg = Release|x64
		{D8919D07-FFC0-45D5-9B72-41677C3CADBB}.Release|x64.Build.0 = Release|x64
		{D8919D07-FFC0-45D5-9B72-41677C3CADBB}.Release|x86.ActiveCfg = Release|Win32
		{D8919D07-FFC0-45D5-9B72-41677C3CADBB}.Release|x86.Build.0 = Release|Win32
	EndGlobalSection
	GlobalSection(SolutionProperties) = preSolution
		HideSolutionNode = FALSE
	EndGlobalSection
	GlobalSection(ExtensibilityGlobals) = postSolution
		SolutionGuid = {BE780CF9-57F0-45D5-88F0-3CAAB4B0600A}
	EndGlobalSection
EndGlobal
